<?xml version="1.0" encoding="utf-8"?>
<Project ToolsVersion="4.0" xmlns="http://schemas.microsoft.com/developer/msbuild/2003">
  <ItemGroup>
    <Filter Include="Source Files">
      <UniqueIdentifier>{4FC737F1-C7A5-4376-A066-2A32D752A2FF}</UniqueIdentifier>
      <Extensions>cpp;c;cc;cxx;def;odl;idl;hpj;bat;asm;asmx</Extensions>
    </Filter>
    <Filter Include="Header Files">
      <UniqueIdentifier>{93995380-89BD-4b04-88EB-625FBE52EBFB}</UniqueIdentifier>
      <Extensions>h;hh;hpp;hxx;hm;inl;inc;xsd</Extensions>
    </Filter>
    <Filter Include="Resource Files">
      <UniqueIdentifier>{67DA6AB6-F800-4c08-8B7A-83BB121AAD01}</UniqueIdentifier>
      <Extensions>rc;ico;cur;bmp;dlg;rc2;rct;bin;rgs;gif;jpg;jpeg;jpe;resx;tiff;tif;png;wav;mfcribbon-ms</Extensions>
    </Filter>
  </ItemGroup>
  <ItemGroup>
    <ClInclude Include="netcdf.h">
      <Filter>Header Files</Filter>
    </ClInclude>
    <ClInclude Include="parts/attr.h">
      <Filter>Header Files</Filter>
    </ClInclude>
    <ClInclude Include="parts/attributable.h">
      <Filter>Header Files</Filter>
    </ClInclude>
    <ClInclude Include="parts/dim.h">
      <Filter>Header Files</Filter>
    </ClInclude>
    <ClInclude Include="parts/enums.h">
      <Filter>Header Files</Filter>
    </ClInclude>
    <ClInclude Include="parts/magic.h">
      <Filter>Header Files</Filter>
    </ClInclude>
    <ClInclude Include="parts/named.h">
      <Filter>Header Files</Filter>
    </ClInclude>
    <ClInclude Include="io/cdf_reader.h">
      <Filter>Header Files</Filter>
    </ClInclude>
    <ClInclude Include="io/cdf_writer.h">
      <Filter>Header Files</Filter>
    </ClInclude>
    <ClInclude Include="io/network_byte_order.h">
      <Filter>Header Files</Filter>
    </ClInclude>
    <ClInclude Include="parts/utils.hpp">
      <Filter>Header Files</Filter>
    </ClInclude>
    <ClInclude Include="parts/valuable.h">
      <Filter>Header Files</Filter>
    </ClInclude>
    <ClInclude Include="parts/value.h">
      <Filter>Header Files</Filter>
    </ClInclude>
    <ClInclude Include="parts/var.h">
      <Filter>Header Files</Filter>
    </ClInclude>
    <ClInclude Include="io\cdf_binary_base.h">
      <Filter>Header Files</Filter>
    </ClInclude>
  </ItemGroup>
  <ItemGroup>
    <ClCompile Include="main.cpp">
      <Filter>Source Files</Filter>
    </ClCompile>
    <ClCompile Include="netcdf.cpp">
      <Filter>Source Files</Filter>
    </ClCompile>
    <ClCompile Include="parts/attr.cpp">
      <Filter>Source Files</Filter>
    </ClCompile>
    <ClCompile Include="parts/attributable.cpp">
      <Filter>Source Files</Filter>
    </ClCompile>
    <ClCompile Include="parts/dim.cpp">
      <Filter>Source Files</Filter>
    </ClCompile>
    <ClCompile Include="parts/magic.cpp">
      <Filter>Source Files</Filter>
    </ClCompile>
    <ClCompile Include="parts/named.cpp">
      <Filter>Source Files</Filter>
    </ClCompile>
    <ClCompile Include="io/cdf_reader.cpp">
      <Filter>Source Files</Filter>
    </ClCompile>
    <ClCompile Include="io/cdf_writer.cpp">
      <Filter>Source Files</Filter>
    </ClCompile>
    <ClCompile Include="io/network_byte_order.cpp">
      <Filter>Source Files</Filter>
    </ClCompile>
    <ClCompile Include="parts/utils.cpp">
      <Filter>Source Files</Filter>
    </ClCompile>
    <ClCompile Include="parts/valuable.cpp">
      <Filter>Source Files</Filter>
    </ClCompile>
    <ClCompile Include="parts/value.cpp">
      <Filter>Source Files</Filter>
    </ClCompile>
    <ClCompile Include="parts/var.cpp">
      <Filter>Source Files</Filter>
    </ClCompile>
    <ClCompile Include="io\cdf_binary_base.cpp">
      <Filter>Source Files</Filter>
    </ClCompile>
  </ItemGroup>
</Project>